<?xml version="1.0" encoding="utf-8"?>
<Project ToolsVersion="4.0" xmlns="http://schemas.microsoft.com/developer/msbuild/2003">
  <ItemGroup>
    <ClCompile Include="main.cpp" />
    <ClCompile Include="Assets.cpp">
      <Filter>Utility</Filter>
    </ClCompile>
    <ClCompile Include="FileReader.cpp">
      <Filter>Utility</Filter>
    </ClCompile>
    <ClCompile Include="Entity.cpp">
      <Filter>Engine</Filter>
    </ClCompile>
    <ClCompile Include="Help.cpp">
      <Filter>Game\Objects</Filter>
    </ClCompile>
    <ClCompile Include="Inventory.cpp">
      <Filter>Game\Objects</Filter>
    </ClCompile>
    <ClCompile Include="Monster.cpp">
      <Filter>Game\Objects</Filter>
    </ClCompile>
    <ClCompile Include="Player.cpp">
      <Filter>Game\Objects</Filter>
    </ClCompile>
    <ClCompile Include="Textbox.cpp">
      <Filter>Game\Objects</Filter>
    </ClCompile>
    <ClCompile Include="GameState.cpp">
      <Filter>Game\States</Filter>
    </ClCompile>
    <ClCompile Include="IntroState.cpp">
      <Filter>Game\States</Filter>
    </ClCompile>
    <ClCompile Include="AnimateDoors.cpp">
      <Filter>Game\States</Filter>
    </ClCompile>
    <ClCompile Include="Rooms.cpp">
      <Filter>Game\Rooms</Filter>
    </ClCompile>
    <ClCompile Include="Canvas.cpp">
      <Filter>Engine\Render</Filter>
    </ClCompile>
    <ClCompile Include="ConsoleBuffer.cpp">
      <Filter>Engine\Render</Filter>
    </ClCompile>
    <ClCompile Include="Engine.cpp">
      <Filter>Engine\Core</Filter>
    </ClCompile>
    <ClCompile Include="Observer.cpp">
      <Filter>Engine\Core</Filter>
    </ClCompile>
    <ClCompile Include="StateManager.cpp">
      <Filter>Engine\Core</Filter>
    </ClCompile>
  </ItemGroup>
  <ItemGroup>
    <ClInclude Include="Assets.h">
      <Filter>Utility</Filter>
    </ClInclude>
    <ClInclude Include="FileReader.h">
      <Filter>Utility</Filter>
    </ClInclude>
    <ClInclude Include="Entity.h">
      <Filter>Engine</Filter>
    </ClInclude>
    <ClInclude Include="Help.h">
      <Filter>Game\Objects</Filter>
    </ClInclude>
    <ClInclude Include="Inventory.h">
      <Filter>Game\Objects</Filter>
    </ClInclude>
    <ClInclude Include="ISprite.h">
      <Filter>Game\Objects</Filter>
    </ClInclude>
    <ClInclude Include="Monster.h">
      <Filter>Game\Objects</Filter>
    </ClInclude>
    <ClInclude Include="Player.h">
      <Filter>Game\Objects</Filter>
    </ClInclude>
    <ClInclude Include="Textbox.h">
      <Filter>Game\Objects</Filter>
    </ClInclude>
    <ClInclude Include="GameState.h">
      <Filter>Game\States</Filter>
    </ClInclude>
    <ClInclude Include="IntroState.h">
      <Filter>Game\States</Filter>
    </ClInclude>
    <ClInclude Include="AnimateDoors.h">
      <Filter>Game\States</Filter>
    </ClInclude>
    <ClInclude Include="Rooms.h">
      <Filter>Game\Rooms</Filter>
    </ClInclude>
    <ClInclude Include="Canvas.h">
      <Filter>Engine\Render</Filter>
    </ClInclude>
    <ClInclude Include="ConsoleBuffer.h">
      <Filter>Engine\Render</Filter>
    </ClInclude>
    <ClInclude Include="Engine.h">
      <Filter>Engine\Core</Filter>
    </ClInclude>
    <ClInclude Include="Observer.h">
      <Filter>Engine\Core</Filter>
    </ClInclude>
    <ClInclude Include="State.h">
      <Filter>Engine\Core</Filter>
    </ClInclude>
    <ClInclude Include="StateManager.h">
      <Filter>Engine\Core</Filter>
    </ClInclude>
    <ClInclude Include="defs.h">
      <Filter>Engine</Filter>
    </ClInclude>
    <ClInclude Include="resource.h" />
  </ItemGroup>
  <ItemGroup>
    <Filter Include="Engine">
      <UniqueIdentifier>{90c997f2-921a-43e1-b036-dbdfb94b4c32}</UniqueIdentifier>
    </Filter>
    <Filter Include="Game">
      <UniqueIdentifier>{9c1c7b23-7148-442b-9c88-a89d3b5ca69a}</UniqueIdentifier>
    </Filter>
    <Filter Include="Utility">
      <UniqueIdentifier>{b5babf12-38f3-4ac9-97ac-4323910ad5e5}</UniqueIdentifier>
    </Filter>
    <Filter Include="Game\Objects">
      <UniqueIdentifier>{ce3e8263-2e4d-492d-807d-85a8573e23da}</UniqueIdentifier>
    </Filter>
    <Filter Include="Game\States">
      <UniqueIdentifier>{201c6f7b-5b4f-454b-980d-85cf7b2d13c0}</UniqueIdentifier>
    </Filter>
    <Filter Include="Game\Rooms">
      <UniqueIdentifier>{d265102c-2ae0-4119-9171-a98c21c8d867}</UniqueIdentifier>
    </Filter>
    <Filter Include="Engine\Core">
      <UniqueIdentifier>{39295165-b72f-4d7d-8ca4-072f3a16c655}</UniqueIdentifier>
    </Filter>
    <Filter Include="Engine\Render">
      <UniqueIdentifier>{efdd832a-4d7c-4f32-99a2-ac88a33afbe5}</UniqueIdentifier>
    </Filter>
  </ItemGroup>
  <ItemGroup>
    <ResourceCompile Include="Texty.rc" />
  </ItemGroup>
  <ItemGroup>
    <Image Include="icon1.ico" />
  </ItemGroup>
</Project>